
Microsoft Visual Studio Solution File, Format Version 12.00
# Visual Studio 15
VisualStudioVersion = 15.0.28010.2019
MinimumVisualStudioVersion = 10.0.40219.1
Project("{FAE04EC0-301F-11D3-BF4B-00C04F79EFBC}") = "DBCEditorExample", "DBCEditorExample\DBCEditorExample.csproj", "{6F005E20-3177-45C1-9A40-D2D8C7910453}"
EndProject
Project("{9A19103F-16F7-4668-BE54-9A1E7A4F7556}") = "DBCLib", "DBCLib\DBCLib\DBCLib.csproj", "{6A7752B6-4057-4F8E-A44D-E00272BE1662}"
EndProject
Global
	GlobalSection(SolutionConfigurationPlatforms) = preSolution
		Debug|Any CPU = Debug|Any CPU
		Release|Any CPU = Release|Any CPU
	EndGlobalSection
	GlobalSection(ProjectConfigurationPlatforms) = postSolution
		{6F005E20-3177-45C1-9A40-D2D8C7910453}.Debug|Any CPU.ActiveCfg = Debug|Any CPU
		{6F005E20-3177-45C1-9A40-D2D8C7910453}.Debug|Any CPU.Build.0 = Debug|Any CPU
		{6F005E20-3177-45C1-9A40-D2D8C7910453}.Release|Any CPU.ActiveCfg = Release|Any CPU
		{6F005E20-3177-45C1-9A40-D2D8C7910453}.Release|Any CPU.Build.0 = Release|Any CPU
		{6A7752B6-4057-4F8E-A44D-E00272BE1662}.Debug|Any CPU.ActiveCfg = Debug|Any CPU
		{6A7752B6-4057-4F8E-A44D-E00272BE1662}.Debug|Any CPU.Build.0 = Debug|Any CPU
		{6A7752B6-4057-4F8E-A44D-E00272BE1662}.Release|Any CPU.ActiveCfg = Release|Any CPU
		{6A7752B6-4057-4F8E-A44D-E00272BE1662}.Release|Any CPU.Build.0 = Release|Any CPU
	EndGlobalSection
	GlobalSection(SolutionProperties) = preSolution
		HideSolutionNode = FALSE
	EndGlobalSection
	GlobalSection(ExtensibilityGlobals) = postSolution
		SolutionGuid = {1CA61A66-764B-4542-B8AF-869B59C5A656}
	EndGlobalSection
EndGlobal
